
Microsoft Visual Studio Solution File, Format Version 12.00
# Visual Studio Version 17
VisualStudioVersion = 17.9.34728.123
MinimumVisualStudioVersion = 10.0.40219.1
Project("{9A19103F-16F7-4668-BE54-9A1E7A4F7556}") = "Cod3rsGrowth.Dominio", "Cod3rsGrowth.Dominio\Cod3rsGrowth.Dominio.csproj", "{8AD628DC-A8E0-4956-996A-BA2F89A61E50}"
EndProject
Project("{9A19103F-16F7-4668-BE54-9A1E7A4F7556}") = "Cod3rsGrowth.Infra", "Cod3rsGrowth.Infra\Cod3rsGrowth.Infra.csproj", "{B2C99FB8-6A3F-4D75-A936-66BCAE597706}"
EndProject
Project("{FAE04EC0-301F-11D3-BF4B-00C04F79EFBC}") = "Cod3rsGrowth.Forms", "Cod3rsGrowth.Forms\Cod3rsGrowth.Forms.csproj", "{C1552B10-FC53-451E-8393-88A081215D57}"
EndProject
Project("{FAE04EC0-301F-11D3-BF4B-00C04F79EFBC}") = "Cod3rsGrowth.Web", "Cod3rsGrowth.Web\Cod3rsGrowth.Web.csproj", "{F7DE2997-CAD7-4C41-A3BA-253124A1FBCA}"
EndProject
Project("{FAE04EC0-301F-11D3-BF4B-00C04F79EFBC}") = "Cod3rsGrowth.Testes", "Cod3rsGrowth.Testes\Cod3rsGrowth.Testes.csproj", "{238A7AF7-F8EF-44ED-A6DF-2C22840616A3}"
EndProject
Global
	GlobalSection(SolutionConfigurationPlatforms) = preSolution
		Debug|Any CPU = Debug|Any CPU
		Release|Any CPU = Release|Any CPU
	EndGlobalSection
	GlobalSection(ProjectConfigurationPlatforms) = postSolution
		{8AD628DC-A8E0-4956-996A-BA2F89A61E50}.Debug|Any CPU.ActiveCfg = Debug|Any CPU
		{8AD628DC-A8E0-4956-996A-BA2F89A61E50}.Debug|Any CPU.Build.0 = Debug|Any CPU
		{8AD628DC-A8E0-4956-996A-BA2F89A61E50}.Release|Any CPU.ActiveCfg = Release|Any CPU
		{8AD628DC-A8E0-4956-996A-BA2F89A61E50}.Release|Any CPU.Build.0 = Release|Any CPU
		{B2C99FB8-6A3F-4D75-A936-66BCAE597706}.Debug|Any CPU.ActiveCfg = Debug|Any CPU
		{B2C99FB8-6A3F-4D75-A936-66BCAE597706}.Debug|Any CPU.Build.0 = Debug|Any CPU
		{B2C99FB8-6A3F-4D75-A936-66BCAE597706}.Release|Any CPU.ActiveCfg = Release|Any CPU
		{B2C99FB8-6A3F-4D75-A936-66BCAE597706}.Release|Any CPU.Build.0 = Release|Any CPU
		{C1552B10-FC53-451E-8393-88A081215D57}.Debug|Any CPU.ActiveCfg = Debug|Any CPU
		{C1552B10-FC53-451E-8393-88A081215D57}.Debug|Any CPU.Build.0 = Debug|Any CPU
		{C1552B10-FC53-451E-8393-88A081215D57}.Release|Any CPU.ActiveCfg = Release|Any CPU
		{C1552B10-FC53-451E-8393-88A081215D57}.Release|Any CPU.Build.0 = Release|Any CPU
		{F7DE2997-CAD7-4C41-A3BA-253124A1FBCA}.Debug|Any CPU.ActiveCfg = Debug|Any CPU
		{F7DE2997-CAD7-4C41-A3BA-253124A1FBCA}.Debug|Any CPU.Build.0 = Debug|Any CPU
		{F7DE2997-CAD7-4C41-A3BA-253124A1FBCA}.Release|Any CPU.ActiveCfg = Release|Any CPU
		{F7DE2997-CAD7-4C41-A3BA-253124A1FBCA}.Release|Any CPU.Build.0 = Release|Any CPU
		{238A7AF7-F8EF-44ED-A6DF-2C22840616A3}.Debug|Any CPU.ActiveCfg = Debug|Any CPU
		{238A7AF7-F8EF-44ED-A6DF-2C22840616A3}.Debug|Any CPU.Build.0 = Debug|Any CPU
		{238A7AF7-F8EF-44ED-A6DF-2C22840616A3}.Release|Any CPU.ActiveCfg = Release|Any CPU
		{238A7AF7-F8EF-44ED-A6DF-2C22840616A3}.Release|Any CPU.Build.0 = Release|Any CPU
	EndGlobalSection
	GlobalSection(SolutionProperties) = preSolution
		HideSolutionNode = FALSE
	EndGlobalSection
	GlobalSection(ExtensibilityGlobals) = postSolution
		SolutionGuid = {3253F2E0-C634-4F8D-A688-3CB36F151DD9}
	EndGlobalSection
EndGlobal
